
Microsoft Visual Studio Solution File, Format Version 12.00
# Visual Studio Version 17
VisualStudioVersion = 17.0.31903.59
MinimumVisualStudioVersion = 10.0.40219.1
Project("{2150E333-8FDC-42A3-9474-1A3956D46DE8}") = "src", "src", "{04773272-5CE6-44FB-9F0E-FE947C5DD7D2}"
EndProject
Project("{2150E333-8FDC-42A3-9474-1A3956D46DE8}") = "Helps", "Helps", "{340E9A42-FDE7-4FAA-ADAE-533ED7381836}"
EndProject
Project("{FAE04EC0-301F-11D3-BF4B-00C04F79EFBC}") = "PayItForward.Helps.Domain", "src\Helps\PayItForward.Helps.Domain\PayItForward.Helps.Domain.csproj", "{13536A17-C530-46D2-8B98-2009B10AB12A}"
EndProject
Project("{2150E333-8FDC-42A3-9474-1A3956D46DE8}") = "test", "test", "{5792C35D-9383-4257-8D62-8F29EA0B3E1C}"
EndProject
Project("{2150E333-8FDC-42A3-9474-1A3956D46DE8}") = "Helps", "Helps", "{FEA2D1C2-966D-4E38-9399-922DEC62D364}"
EndProject
Project("{FAE04EC0-301F-11D3-BF4B-00C04F79EFBC}") = "PayItForward.Helps.Domain.Tests", "test\Helps\PayItForward.Helps.Domain.Tests\PayItForward.Helps.Domain.Tests.csproj", "{83F4AA87-6112-4EA6-AF3F-1ED2AF2967A4}"
EndProject
Project("{2150E333-8FDC-42A3-9474-1A3956D46DE8}") = "Shared", "Shared", "{FB95D669-9BDE-42CD-B4F3-423105916538}"
EndProject
Project("{FAE04EC0-301F-11D3-BF4B-00C04F79EFBC}") = "PayItForward.Shared.Kernel", "src\Shared\PayItForward.Shared.Kernel\PayItForward.Shared.Kernel.csproj", "{7BCBD84A-2C01-40B4-81DA-C1C61B06FF63}"
EndProject
Project("{FAE04EC0-301F-11D3-BF4B-00C04F79EFBC}") = "PayItForward.Shared.Implementations", "src\Shared\PayItForward.Shared.Implementations\PayItForward.Shared.Implementations.csproj", "{B9A7F0E6-3E2F-4EB5-90E3-521BE7F9562E}"
EndProject
Project("{FAE04EC0-301F-11D3-BF4B-00C04F79EFBC}") = "PayItForward.Shared.CQRS", "src\Shared\PayItForward.Shared.CQRS\PayItForward.Shared.CQRS.csproj", "{3059F93B-7BCF-4F97-A505-FD9072EF9855}"
EndProject
Project("{2150E333-8FDC-42A3-9474-1A3956D46DE8}") = "Shared", "Shared", "{40A71872-53E3-4F2A-A7E3-EB34607B79A5}"
EndProject
Project("{FAE04EC0-301F-11D3-BF4B-00C04F79EFBC}") = "PayItForward.Shared.CQRS.Tests", "test\Shared\PayItForward.Shared.CQRS.Tests\PayItForward.Shared.CQRS.Tests.csproj", "{3EF5E4DE-2A42-48D6-8326-7E32604FAFA0}"
EndProject
Project("{2150E333-8FDC-42A3-9474-1A3956D46DE8}") = "HelpAccount", "HelpAccount", "{241BC1EF-6668-40DE-836A-4386282D3B99}"
EndProject
Project("{FAE04EC0-301F-11D3-BF4B-00C04F79EFBC}") = "PayItForward.HelpAccounts.Core", "src\HelpAccount\PayItForward.HelpAccounts.Core\PayItForward.HelpAccounts.Core.csproj", "{F11ECF99-2289-4646-815C-7B7D9513DD2C}"
EndProject
Project("{FAE04EC0-301F-11D3-BF4B-00C04F79EFBC}") = "PayItForward.HelpAccounts.Core.Tests", "test\HelpAccount\PayItForward.HelpAccounts.Core.Tests.csproj", "{5DA474E0-A160-4595-AFE5-5A13F5A983E9}"
EndProject
Project("{2150E333-8FDC-42A3-9474-1A3956D46DE8}") = "HelpAccount", "HelpAccount", "{D409B60E-8D8B-4DCD-A990-39C5CA8344CB}"
EndProject
Project("{FAE04EC0-301F-11D3-BF4B-00C04F79EFBC}") = "PayItForward.HelpAccounts.Shared", "src\HelpAccount\PayItForward.HelpAccounts.Shared\PayItForward.HelpAccounts.Shared.csproj", "{4BFC0CA9-285D-4798-95C5-55C536464B8E}"
EndProject
Project("{FAE04EC0-301F-11D3-BF4B-00C04F79EFBC}") = "PayItForward.Helps.Application", "src\Helps\PayItForward.Helps.Application\PayItForward.Helps.Application.csproj", "{02F739FD-E6F7-4233-B95D-C70AFA068270}"
EndProject
Project("{FAE04EC0-301F-11D3-BF4B-00C04F79EFBC}") = "PayItForward.Helps.Application.Tests", "test\Helps\PayItForward.Helps.Application.Tests\PayItForward.Helps.Application.Tests.csproj", "{E55B3101-46EF-48E3-8B0E-C1F21F0939EB}"
EndProject
Project("{FAE04EC0-301F-11D3-BF4B-00C04F79EFBC}") = "PayItForward.Tests.Shared", "test\Shared\PayItForward.Tests.Shared\PayItForward.Tests.Shared.csproj", "{83B74097-E02B-4D24-A759-35157CF1A29C}"
EndProject
Project("{FAE04EC0-301F-11D3-BF4B-00C04F79EFBC}") = "PayItForward.Helps.Infrastructure", "src\Helps\PayItForward.Helps.Infrastructure\PayItForward.Helps.Infrastructure.csproj", "{14DF1985-0752-48B4-877D-32950A52D48F}"
EndProject
Project("{FAE04EC0-301F-11D3-BF4B-00C04F79EFBC}") = "PayItForward.Helps.Api", "src\Helps\PayItForward.Helps.Api\PayItForward.Helps.Api.csproj", "{45BD6496-3FE2-4456-80F7-177B9CD69D94}"
EndProject
Project("{FAE04EC0-301F-11D3-BF4B-00C04F79EFBC}") = "PayItForward.Helps.Api.Tests", "test\Helps\PayItForward.Helps.Api.Tests\PayItForward.Helps.Api.Tests.csproj", "{08CAED7D-664A-4B6E-AAAD-8B11C38DBDBB}"
EndProject
Project("{FAE04EC0-301F-11D3-BF4B-00C04F79EFBC}") = "PayItForward.Shared.Requests", "src\Shared\PayItForward.Shared.Requests\PayItForward.Shared.Requests.csproj", "{803F4E3C-B22F-41E4-9016-A22C167DDF37}"
EndProject
Global
	GlobalSection(SolutionConfigurationPlatforms) = preSolution
		Debug|Any CPU = Debug|Any CPU
		Release|Any CPU = Release|Any CPU
	EndGlobalSection
	GlobalSection(SolutionProperties) = preSolution
		HideSolutionNode = FALSE
	EndGlobalSection
	GlobalSection(ProjectConfigurationPlatforms) = postSolution
		{13536A17-C530-46D2-8B98-2009B10AB12A}.Debug|Any CPU.ActiveCfg = Debug|Any CPU
		{13536A17-C530-46D2-8B98-2009B10AB12A}.Debug|Any CPU.Build.0 = Debug|Any CPU
		{13536A17-C530-46D2-8B98-2009B10AB12A}.Release|Any CPU.ActiveCfg = Release|Any CPU
		{13536A17-C530-46D2-8B98-2009B10AB12A}.Release|Any CPU.Build.0 = Release|Any CPU
		{83F4AA87-6112-4EA6-AF3F-1ED2AF2967A4}.Debug|Any CPU.ActiveCfg = Debug|Any CPU
		{83F4AA87-6112-4EA6-AF3F-1ED2AF2967A4}.Debug|Any CPU.Build.0 = Debug|Any CPU
		{83F4AA87-6112-4EA6-AF3F-1ED2AF2967A4}.Release|Any CPU.ActiveCfg = Release|Any CPU
		{83F4AA87-6112-4EA6-AF3F-1ED2AF2967A4}.Release|Any CPU.Build.0 = Release|Any CPU
		{7BCBD84A-2C01-40B4-81DA-C1C61B06FF63}.Debug|Any CPU.ActiveCfg = Debug|Any CPU
		{7BCBD84A-2C01-40B4-81DA-C1C61B06FF63}.Debug|Any CPU.Build.0 = Debug|Any CPU
		{7BCBD84A-2C01-40B4-81DA-C1C61B06FF63}.Release|Any CPU.ActiveCfg = Release|Any CPU
		{7BCBD84A-2C01-40B4-81DA-C1C61B06FF63}.Release|Any CPU.Build.0 = Release|Any CPU
		{B9A7F0E6-3E2F-4EB5-90E3-521BE7F9562E}.Debug|Any CPU.ActiveCfg = Debug|Any CPU
		{B9A7F0E6-3E2F-4EB5-90E3-521BE7F9562E}.Debug|Any CPU.Build.0 = Debug|Any CPU
		{B9A7F0E6-3E2F-4EB5-90E3-521BE7F9562E}.Release|Any CPU.ActiveCfg = Release|Any CPU
		{B9A7F0E6-3E2F-4EB5-90E3-521BE7F9562E}.Release|Any CPU.Build.0 = Release|Any CPU
		{3059F93B-7BCF-4F97-A505-FD9072EF9855}.Debug|Any CPU.ActiveCfg = Debug|Any CPU
		{3059F93B-7BCF-4F97-A505-FD9072EF9855}.Debug|Any CPU.Build.0 = Debug|Any CPU
		{3059F93B-7BCF-4F97-A505-FD9072EF9855}.Release|Any CPU.ActiveCfg = Release|Any CPU
		{3059F93B-7BCF-4F97-A505-FD9072EF9855}.Release|Any CPU.Build.0 = Release|Any CPU
		{3EF5E4DE-2A42-48D6-8326-7E32604FAFA0}.Debug|Any CPU.ActiveCfg = Debug|Any CPU
		{3EF5E4DE-2A42-48D6-8326-7E32604FAFA0}.Debug|Any CPU.Build.0 = Debug|Any CPU
		{3EF5E4DE-2A42-48D6-8326-7E32604FAFA0}.Release|Any CPU.ActiveCfg = Release|Any CPU
		{3EF5E4DE-2A42-48D6-8326-7E32604FAFA0}.Release|Any CPU.Build.0 = Release|Any CPU
		{F11ECF99-2289-4646-815C-7B7D9513DD2C}.Debug|Any CPU.ActiveCfg = Debug|Any CPU
		{F11ECF99-2289-4646-815C-7B7D9513DD2C}.Debug|Any CPU.Build.0 = Debug|Any CPU
		{F11ECF99-2289-4646-815C-7B7D9513DD2C}.Release|Any CPU.ActiveCfg = Release|Any CPU
		{F11ECF99-2289-4646-815C-7B7D9513DD2C}.Release|Any CPU.Build.0 = Release|Any CPU
		{5DA474E0-A160-4595-AFE5-5A13F5A983E9}.Debug|Any CPU.ActiveCfg = Debug|Any CPU
		{5DA474E0-A160-4595-AFE5-5A13F5A983E9}.Debug|Any CPU.Build.0 = Debug|Any CPU
		{5DA474E0-A160-4595-AFE5-5A13F5A983E9}.Release|Any CPU.ActiveCfg = Release|Any CPU
		{5DA474E0-A160-4595-AFE5-5A13F5A983E9}.Release|Any CPU.Build.0 = Release|Any CPU
		{4BFC0CA9-285D-4798-95C5-55C536464B8E}.Debug|Any CPU.ActiveCfg = Debug|Any CPU
		{4BFC0CA9-285D-4798-95C5-55C536464B8E}.Debug|Any CPU.Build.0 = Debug|Any CPU
		{4BFC0CA9-285D-4798-95C5-55C536464B8E}.Release|Any CPU.ActiveCfg = Release|Any CPU
		{4BFC0CA9-285D-4798-95C5-55C536464B8E}.Release|Any CPU.Build.0 = Release|Any CPU
		{02F739FD-E6F7-4233-B95D-C70AFA068270}.Debug|Any CPU.ActiveCfg = Debug|Any CPU
		{02F739FD-E6F7-4233-B95D-C70AFA068270}.Debug|Any CPU.Build.0 = Debug|Any CPU
		{02F739FD-E6F7-4233-B95D-C70AFA068270}.Release|Any CPU.ActiveCfg = Release|Any CPU
		{02F739FD-E6F7-4233-B95D-C70AFA068270}.Release|Any CPU.Build.0 = Release|Any CPU
		{E55B3101-46EF-48E3-8B0E-C1F21F0939EB}.Debug|Any CPU.ActiveCfg = Debug|Any CPU
		{E55B3101-46EF-48E3-8B0E-C1F21F0939EB}.Debug|Any CPU.Build.0 = Debug|Any CPU
		{E55B3101-46EF-48E3-8B0E-C1F21F0939EB}.Release|Any CPU.ActiveCfg = Release|Any CPU
		{E55B3101-46EF-48E3-8B0E-C1F21F0939EB}.Release|Any CPU.Build.0 = Release|Any CPU
		{83B74097-E02B-4D24-A759-35157CF1A29C}.Debug|Any CPU.ActiveCfg = Debug|Any CPU
		{83B74097-E02B-4D24-A759-35157CF1A29C}.Debug|Any CPU.Build.0 = Debug|Any CPU
		{83B74097-E02B-4D24-A759-35157CF1A29C}.Release|Any CPU.ActiveCfg = Release|Any CPU
		{83B74097-E02B-4D24-A759-35157CF1A29C}.Release|Any CPU.Build.0 = Release|Any CPU
		{14DF1985-0752-48B4-877D-32950A52D48F}.Debug|Any CPU.ActiveCfg = Debug|Any CPU
		{14DF1985-0752-48B4-877D-32950A52D48F}.Debug|Any CPU.Build.0 = Debug|Any CPU
		{14DF1985-0752-48B4-877D-32950A52D48F}.Release|Any CPU.ActiveCfg = Release|Any CPU
		{14DF1985-0752-48B4-877D-32950A52D48F}.Release|Any CPU.Build.0 = Release|Any CPU
		{45BD6496-3FE2-4456-80F7-177B9CD69D94}.Debug|Any CPU.ActiveCfg = Debug|Any CPU
		{45BD6496-3FE2-4456-80F7-177B9CD69D94}.Debug|Any CPU.Build.0 = Debug|Any CPU
		{45BD6496-3FE2-4456-80F7-177B9CD69D94}.Release|Any CPU.ActiveCfg = Release|Any CPU
		{45BD6496-3FE2-4456-80F7-177B9CD69D94}.Release|Any CPU.Build.0 = Release|Any CPU
		{08CAED7D-664A-4B6E-AAAD-8B11C38DBDBB}.Debug|Any CPU.ActiveCfg = Debug|Any CPU
		{08CAED7D-664A-4B6E-AAAD-8B11C38DBDBB}.Debug|Any CPU.Build.0 = Debug|Any CPU
		{08CAED7D-664A-4B6E-AAAD-8B11C38DBDBB}.Release|Any CPU.ActiveCfg = Release|Any CPU
		{08CAED7D-664A-4B6E-AAAD-8B11C38DBDBB}.Release|Any CPU.Build.0 = Release|Any CPU
		{803F4E3C-B22F-41E4-9016-A22C167DDF37}.Debug|Any CPU.ActiveCfg = Debug|Any CPU
		{803F4E3C-B22F-41E4-9016-A22C167DDF37}.Debug|Any CPU.Build.0 = Debug|Any CPU
		{803F4E3C-B22F-41E4-9016-A22C167DDF37}.Release|Any CPU.ActiveCfg = Release|Any CPU
		{803F4E3C-B22F-41E4-9016-A22C167DDF37}.Release|Any CPU.Build.0 = Release|Any CPU
	EndGlobalSection
	GlobalSection(NestedProjects) = preSolution
		{340E9A42-FDE7-4FAA-ADAE-533ED7381836} = {04773272-5CE6-44FB-9F0E-FE947C5DD7D2}
		{13536A17-C530-46D2-8B98-2009B10AB12A} = {340E9A42-FDE7-4FAA-ADAE-533ED7381836}
		{FEA2D1C2-966D-4E38-9399-922DEC62D364} = {5792C35D-9383-4257-8D62-8F29EA0B3E1C}
		{83F4AA87-6112-4EA6-AF3F-1ED2AF2967A4} = {FEA2D1C2-966D-4E38-9399-922DEC62D364}
		{FB95D669-9BDE-42CD-B4F3-423105916538} = {04773272-5CE6-44FB-9F0E-FE947C5DD7D2}
		{7BCBD84A-2C01-40B4-81DA-C1C61B06FF63} = {FB95D669-9BDE-42CD-B4F3-423105916538}
		{B9A7F0E6-3E2F-4EB5-90E3-521BE7F9562E} = {FB95D669-9BDE-42CD-B4F3-423105916538}
		{3059F93B-7BCF-4F97-A505-FD9072EF9855} = {FB95D669-9BDE-42CD-B4F3-423105916538}
		{40A71872-53E3-4F2A-A7E3-EB34607B79A5} = {5792C35D-9383-4257-8D62-8F29EA0B3E1C}
		{3EF5E4DE-2A42-48D6-8326-7E32604FAFA0} = {40A71872-53E3-4F2A-A7E3-EB34607B79A5}
		{241BC1EF-6668-40DE-836A-4386282D3B99} = {04773272-5CE6-44FB-9F0E-FE947C5DD7D2}
		{F11ECF99-2289-4646-815C-7B7D9513DD2C} = {241BC1EF-6668-40DE-836A-4386282D3B99}
		{D409B60E-8D8B-4DCD-A990-39C5CA8344CB} = {5792C35D-9383-4257-8D62-8F29EA0B3E1C}
		{5DA474E0-A160-4595-AFE5-5A13F5A983E9} = {D409B60E-8D8B-4DCD-A990-39C5CA8344CB}
		{4BFC0CA9-285D-4798-95C5-55C536464B8E} = {241BC1EF-6668-40DE-836A-4386282D3B99}
		{02F739FD-E6F7-4233-B95D-C70AFA068270} = {340E9A42-FDE7-4FAA-ADAE-533ED7381836}
		{E55B3101-46EF-48E3-8B0E-C1F21F0939EB} = {FEA2D1C2-966D-4E38-9399-922DEC62D364}
		{83B74097-E02B-4D24-A759-35157CF1A29C} = {40A71872-53E3-4F2A-A7E3-EB34607B79A5}
		{14DF1985-0752-48B4-877D-32950A52D48F} = {340E9A42-FDE7-4FAA-ADAE-533ED7381836}
		{45BD6496-3FE2-4456-80F7-177B9CD69D94} = {340E9A42-FDE7-4FAA-ADAE-533ED7381836}
		{08CAED7D-664A-4B6E-AAAD-8B11C38DBDBB} = {FEA2D1C2-966D-4E38-9399-922DEC62D364}
		{803F4E3C-B22F-41E4-9016-A22C167DDF37} = {FB95D669-9BDE-42CD-B4F3-423105916538}
	EndGlobalSection
EndGlobal
